// !$*UTF8*$!
{
	archiveVersion = 1;
	classes = {
	};
	objectVersion = 46;
	objects = {

/* Begin PBXBuildFile section */
		27C87BAD1EE2C884004FFAB6 /* AppDelegate.swift in Sources */ = {isa = PBXBuildFile; fileRef = 27C87BAC1EE2C884004FFAB6 /* AppDelegate.swift */; };
		27C87BAF1EE2C884004FFAB6 /* ViewController.swift in Sources */ = {isa = PBXBuildFile; fileRef = 27C87BAE1EE2C884004FFAB6 /* ViewController.swift */; };
		27C87BB21EE2C884004FFAB6 /* Main.storyboard in Resources */ = {isa = PBXBuildFile; fileRef = 27C87BB01EE2C884004FFAB6 /* Main.storyboard */; };
		27C87BB41EE2C884004FFAB6 /* Assets.xcassets in Resources */ = {isa = PBXBuildFile; fileRef = 27C87BB31EE2C884004FFAB6 /* Assets.xcassets */; };
		27C87BB71EE2C884004FFAB6 /* LaunchScreen.storyboard in Resources */ = {isa = PBXBuildFile; fileRef = 27C87BB51EE2C884004FFAB6 /* LaunchScreen.storyboard */; };
		27C87BBC1EE2C884004FFAB6 /* Watch6 WatchKit App.app in Embed Watch Content */ = {isa = PBXBuildFile; fileRef = 27C87BBB1EE2C884004FFAB6 /* Watch6 WatchKit App.app */; };
		27C87BC21EE2C884004FFAB6 /* Interface.storyboard in Resources */ = {isa = PBXBuildFile; fileRef = 27C87BC01EE2C884004FFAB6 /* Interface.storyboard */; };
		27C87BC41EE2C884004FFAB6 /* Assets.xcassets in Resources */ = {isa = PBXBuildFile; fileRef = 27C87BC31EE2C884004FFAB6 /* Assets.xcassets */; };
		27C87BCB1EE2C884004FFAB6 /* Watch6 WatchKit Extension.appex in Embed App Extensions */ = {isa = PBXBuildFile; fileRef = 27C87BCA1EE2C884004FFAB6 /* Watch6 WatchKit Extension.appex */; settings = {ATTRIBUTES = (RemoveHeadersOnCopy, ); }; };
		27C87BD01EE2C884004FFAB6 /* InterfaceController.swift in Sources */ = {isa = PBXBuildFile; fileRef = 27C87BCF1EE2C884004FFAB6 /* InterfaceController.swift */; };
		27C87BD21EE2C884004FFAB6 /* ExtensionDelegate.swift in Sources */ = {isa = PBXBuildFile; fileRef = 27C87BD11EE2C884004FFAB6 /* ExtensionDelegate.swift */; };
		27C87BD41EE2C884004FFAB6 /* Assets.xcassets in Resources */ = {isa = PBXBuildFile; fileRef = 27C87BD31EE2C884004FFAB6 /* Assets.xcassets */; };
/* End PBXBuildFile section */

/* Begin PBXContainerItemProxy section */
		27C87BBD1EE2C884004FFAB6 /* PBXContainerItemProxy */ = {
			isa = PBXContainerItemProxy;
			containerPortal = 27C87BA11EE2C884004FFAB6 /* Project object */;
			proxyType = 1;
			remoteGlobalIDString = 27C87BBA1EE2C884004FFAB6;
			remoteInfo = "Watch6 WatchKit App";
		};
		27C87BCC1EE2C884004FFAB6 /* PBXContainerItemProxy */ = {
			isa = PBXContainerItemProxy;
			containerPortal = 27C87BA11EE2C884004FFAB6 /* Project object */;
			proxyType = 1;
			remoteGlobalIDString = 27C87BC91EE2C884004FFAB6;
			remoteInfo = "Watch6 WatchKit Extension";
		};
/* End PBXContainerItemProxy section */

/* Begin PBXCopyFilesBuildPhase section */
		27C87BDB1EE2C884004FFAB6 /* Embed App Extensions */ = {
			isa = PBXCopyFilesBuildPhase;
			buildActionMask = 2147483647;
			dstPath = "";
			dstSubfolderSpec = 13;
			files = (
				27C87BCB1EE2C884004FFAB6 /* Watch6 WatchKit Extension.appex in Embed App Extensions */,
			);
			name = "Embed App Extensions";
			runOnlyForDeploymentPostprocessing = 0;
		};
		27C87BDF1EE2C884004FFAB6 /* Embed Watch Content */ = {
			isa = PBXCopyFilesBuildPhase;
			buildActionMask = 2147483647;
			dstPath = "$(CONTENTS_FOLDER_PATH)/Watch";
			dstSubfolderSpec = 16;
			files = (
				27C87BBC1EE2C884004FFAB6 /* Watch6 WatchKit App.app in Embed Watch Content */,
			);
			name = "Embed Watch Content";
			runOnlyForDeploymentPostprocessing = 0;
		};
/* End PBXCopyFilesBuildPhase section */

/* Begin PBXFileReference section */
		27C87BA91EE2C884004FFAB6 /* Watch6.app */ = {isa = PBXFileReference; explicitFileType = wrapper.application; includeInIndex = 0; path = Watch6.app; sourceTree = BUILT_PRODUCTS_DIR; };
		27C87BAC1EE2C884004FFAB6 /* AppDelegate.swift */ = {isa = PBXFileReference; lastKnownFileType = sourcecode.swift; path = AppDelegate.swift; sourceTree = "<group>"; };
		27C87BAE1EE2C884004FFAB6 /* ViewController.swift */ = {isa = PBXFileReference; lastKnownFileType = sourcecode.swift; path = ViewController.swift; sourceTree = "<group>"; };
		27C87BB11EE2C884004FFAB6 /* Base */ = {isa = PBXFileReference; lastKnownFileType = file.storyboard; name = Base; path = Base.lproj/Main.storyboard; sourceTree = "<group>"; };
		27C87BB31EE2C884004FFAB6 /* Assets.xcassets */ = {isa = PBXFileReference; lastKnownFileType = folder.assetcatalog; path = Assets.xcassets; sourceTree = "<group>"; };
		27C87BB61EE2C884004FFAB6 /* Base */ = {isa = PBXFileReference; lastKnownFileType = file.storyboard; name = Base; path = Base.lproj/LaunchScreen.storyboard; sourceTree = "<group>"; };
		27C87BB81EE2C884004FFAB6 /* Info.plist */ = {isa = PBXFileReference; lastKnownFileType = text.plist.xml; path = Info.plist; sourceTree = "<group>"; };
		27C87BBB1EE2C884004FFAB6 /* Watch6 WatchKit App.app */ = {isa = PBXFileReference; explicitFileType = wrapper.application; includeInIndex = 0; path = "Watch6 WatchKit App.app"; sourceTree = BUILT_PRODUCTS_DIR; };
		27C87BC11EE2C884004FFAB6 /* Base */ = {isa = PBXFileReference; lastKnownFileType = file.storyboard; name = Base; path = Base.lproj/Interface.storyboard; sourceTree = "<group>"; };
		27C87BC31EE2C884004FFAB6 /* Assets.xcassets */ = {isa = PBXFileReference; lastKnownFileType = folder.assetcatalog; path = Assets.xcassets; sourceTree = "<group>"; };
		27C87BC51EE2C884004FFAB6 /* Info.plist */ = {isa = PBXFileReference; lastKnownFileType = text.plist.xml; path = Info.plist; sourceTree = "<group>"; };
		27C87BCA1EE2C884004FFAB6 /* Watch6 WatchKit Extension.appex */ = {isa = PBXFileReference; explicitFileType = "wrapper.app-extension"; includeInIndex = 0; path = "Watch6 WatchKit Extension.appex"; sourceTree = BUILT_PRODUCTS_DIR; };
		27C87BCF1EE2C884004FFAB6 /* InterfaceController.swift */ = {isa = PBXFileReference; lastKnownFileType = sourcecode.swift; path = InterfaceController.swift; sourceTree = "<group>"; };
		27C87BD11EE2C884004FFAB6 /* ExtensionDelegate.swift */ = {isa = PBXFileReference; lastKnownFileType = sourcecode.swift; path = ExtensionDelegate.swift; sourceTree = "<group>"; };
		27C87BD31EE2C884004FFAB6 /* Assets.xcassets */ = {isa = PBXFileReference; lastKnownFileType = folder.assetcatalog; path = Assets.xcassets; sourceTree = "<group>"; };
		27C87BD51EE2C884004FFAB6 /* Info.plist */ = {isa = PBXFileReference; lastKnownFileType = text.plist.xml; path = Info.plist; sourceTree = "<group>"; };
/* End PBXFileReference section */

/* Begin PBXFrameworksBuildPhase section */
		27C87BA61EE2C884004FFAB6 /* Frameworks */ = {
			isa = PBXFrameworksBuildPhase;
			buildActionMask = 2147483647;
			files = (
			);
			runOnlyForDeploymentPostprocessing = 0;
		};
		27C87BC71EE2C884004FFAB6 /* Frameworks */ = {
			isa = PBXFrameworksBuildPhase;
			buildActionMask = 2147483647;
			files = (
			);
			runOnlyForDeploymentPostprocessing = 0;
		};
/* End PBXFrameworksBuildPhase section */

/* Begin PBXGroup section */
		27C87BA01EE2C884004FFAB6 = {
			isa = PBXGroup;
			children = (
				27C87BAB1EE2C884004FFAB6 /* Watch6 */,
				27C87BBF1EE2C884004FFAB6 /* Watch6 WatchKit App */,
				27C87BCE1EE2C884004FFAB6 /* Watch6 WatchKit Extension */,
				27C87BAA1EE2C884004FFAB6 /* Products */,
			);
			sourceTree = "<group>";
		};
		27C87BAA1EE2C884004FFAB6 /* Products */ = {
			isa = PBXGroup;
			children = (
				27C87BA91EE2C884004FFAB6 /* Watch6.app */,
				27C87BBB1EE2C884004FFAB6 /* Watch6 WatchKit App.app */,
				27C87BCA1EE2C884004FFAB6 /* Watch6 WatchKit Extension.appex */,
			);
			name = Products;
			sourceTree = "<group>";
		};
		27C87BAB1EE2C884004FFAB6 /* Watch6 */ = {
			isa = PBXGroup;
			children = (
				27C87BAC1EE2C884004FFAB6 /* AppDelegate.swift */,
				27C87BAE1EE2C884004FFAB6 /* ViewController.swift */,
				27C87BB01EE2C884004FFAB6 /* Main.storyboard */,
				27C87BB31EE2C884004FFAB6 /* Assets.xcassets */,
				27C87BB51EE2C884004FFAB6 /* LaunchScreen.storyboard */,
				27C87BB81EE2C884004FFAB6 /* Info.plist */,
			);
			path = Watch6;
			sourceTree = "<group>";
		};
		27C87BBF1EE2C884004FFAB6 /* Watch6 WatchKit App */ = {
			isa = PBXGroup;
			children = (
				27C87BC01EE2C884004FFAB6 /* Interface.storyboard */,
				27C87BC31EE2C884004FFAB6 /* Assets.xcassets */,
				27C87BC51EE2C884004FFAB6 /* Info.plist */,
			);
			path = "Watch6 WatchKit App";
			sourceTree = "<group>";
		};
		27C87BCE1EE2C884004FFAB6 /* Watch6 WatchKit Extension */ = {
			isa = PBXGroup;
			children = (
				27C87BCF1EE2C884004FFAB6 /* InterfaceController.swift */,
				27C87BD11EE2C884004FFAB6 /* ExtensionDelegate.swift */,
				27C87BD31EE2C884004FFAB6 /* Assets.xcassets */,
				27C87BD51EE2C884004FFAB6 /* Info.plist */,
			);
			path = "Watch6 WatchKit Extension";
			sourceTree = "<group>";
		};
/* End PBXGroup section */

/* Begin PBXNativeTarget section */
		27C87BA81EE2C884004FFAB6 /* Watch6 */ = {
			isa = PBXNativeTarget;
			buildConfigurationList = 27C87BE01EE2C884004FFAB6 /* Build configuration list for PBXNativeTarget "Watch6" */;
			buildPhases = (
				27C87BA51EE2C884004FFAB6 /* Sources */,
				27C87BA61EE2C884004FFAB6 /* Frameworks */,
				27C87BA71EE2C884004FFAB6 /* Resources */,
				27C87BDF1EE2C884004FFAB6 /* Embed Watch Content */,
			);
			buildRules = (
			);
			dependencies = (
				27C87BBE1EE2C884004FFAB6 /* PBXTargetDependency */,
			);
			name = Watch6;
			productName = Watch6;
			productReference = 27C87BA91EE2C884004FFAB6 /* Watch6.app */;
			productType = "com.apple.product-type.application";
		};
		27C87BBA1EE2C884004FFAB6 /* Watch6 WatchKit App */ = {
			isa = PBXNativeTarget;
			buildConfigurationList = 27C87BDC1EE2C884004FFAB6 /* Build configuration list for PBXNativeTarget "Watch6 WatchKit App" */;
			buildPhases = (
				27C87BB91EE2C884004FFAB6 /* Resources */,
				27C87BDB1EE2C884004FFAB6 /* Embed App Extensions */,
			);
			buildRules = (
			);
			dependencies = (
				27C87BCD1EE2C884004FFAB6 /* PBXTargetDependency */,
			);
			name = "Watch6 WatchKit App";
			productName = "Watch6 WatchKit App";
			productReference = 27C87BBB1EE2C884004FFAB6 /* Watch6 WatchKit App.app */;
			productType = "com.apple.product-type.application.watchapp2";
		};
		27C87BC91EE2C884004FFAB6 /* Watch6 WatchKit Extension */ = {
			isa = PBXNativeTarget;
			buildConfigurationList = 27C87BD81EE2C884004FFAB6 /* Build configuration list for PBXNativeTarget "Watch6 WatchKit Extension" */;
			buildPhases = (
				27C87BC61EE2C884004FFAB6 /* Sources */,
				27C87BC71EE2C884004FFAB6 /* Frameworks */,
				27C87BC81EE2C884004FFAB6 /* Resources */,
			);
			buildRules = (
			);
			dependencies = (
			);
			name = "Watch6 WatchKit Extension";
			productName = "Watch6 WatchKit Extension";
			productReference = 27C87BCA1EE2C884004FFAB6 /* Watch6 WatchKit Extension.appex */;
			productType = "com.apple.product-type.watchkit2-extension";
		};
/* End PBXNativeTarget section */

/* Begin PBXProject section */
		27C87BA11EE2C884004FFAB6 /* Project object */ = {
			isa = PBXProject;
			attributes = {
				LastSwiftUpdateCheck = 0830;
				LastUpgradeCheck = 0830;
				ORGANIZATIONNAME = "Chappy-App";
				TargetAttributes = {
					27C87BA81EE2C884004FFAB6 = {
						CreatedOnToolsVersion = 8.3.2;
						DevelopmentTeam = 4WU9L65MXB;
						ProvisioningStyle = Automatic;
					};
					27C87BBA1EE2C884004FFAB6 = {
						CreatedOnToolsVersion = 8.3.2;
						DevelopmentTeam = 4WU9L65MXB;
						ProvisioningStyle = Automatic;
					};
					27C87BC91EE2C884004FFAB6 = {
						CreatedOnToolsVersion = 8.3.2;
						DevelopmentTeam = 4WU9L65MXB;
						ProvisioningStyle = Automatic;
					};
				};
			};
			buildConfigurationList = 27C87BA41EE2C884004FFAB6 /* Build configuration list for PBXProject "Watch6" */;
			compatibilityVersion = "Xcode 3.2";
			developmentRegion = English;
			hasScannedForEncodings = 0;
			knownRegions = (
				en,
				Base,
			);
			mainGroup = 27C87BA01EE2C884004FFAB6;
			productRefGroup = 27C87BAA1EE2C884004FFAB6 /* Products */;
			projectDirPath = "";
			projectRoot = "";
			targets = (
				27C87BA81EE2C884004FFAB6 /* Watch6 */,
				27C87BBA1EE2C884004FFAB6 /* Watch6 WatchKit App */,
				27C87BC91EE2C884004FFAB6 /* Watch6 WatchKit Extension */,
			);
		};
/* End PBXProject section */

/* Begin PBXResourcesBuildPhase section */
		27C87BA71EE2C884004FFAB6 /* Resources */ = {
			isa = PBXResourcesBuildPhase;
			buildActionMask = 2147483647;
			files = (
				27C87BB71EE2C884004FFAB6 /* LaunchScreen.storyboard in Resources */,
				27C87BB41EE2C884004FFAB6 /* Assets.xcassets in Resources */,
				27C87BB21EE2C884004FFAB6 /* Main.storyboard in Resources */,
			);
			runOnlyForDeploymentPostprocessing = 0;
		};
		27C87BB91EE2C884004FFAB6 /* Resources */ = {
			isa = PBXResourcesBuildPhase;
			buildActionMask = 2147483647;
			files = (
				27C87BC41EE2C884004FFAB6 /* Assets.xcassets in Resources */,
				27C87BC21EE2C884004FFAB6 /* Interface.storyboard in Resources */,
			);
			runOnlyForDeploymentPostprocessing = 0;
		};
		27C87BC81EE2C884004FFAB6 /* Resources */ = {
			isa = PBXResourcesBuildPhase;
			buildActionMask = 2147483647;
			files = (
				27C87BD41EE2C884004FFAB6 /* Assets.xcassets in Resources */,
			);
			runOnlyForDeploymentPostprocessing = 0;
		};
/* End PBXResourcesBuildPhase section */

/* Begin PBXSourcesBuildPhase section */
		27C87BA51EE2C884004FFAB6 /* Sources */ = {
			isa = PBXSourcesBuildPhase;
			buildActionMask = 2147483647;
			files = (
				27C87BAF1EE2C884004FFAB6 /* ViewController.swift in Sources */,
				27C87BAD1EE2C884004FFAB6 /* AppDelegate.swift in Sources */,
			);
			runOnlyForDeploymentPostprocessing = 0;
		};
		27C87BC61EE2C884004FFAB6 /* Sources */ = {
			isa = PBXSourcesBuildPhase;
			buildActionMask = 2147483647;
			files = (
				27C87BD21EE2C884004FFAB6 /* ExtensionDelegate.swift in Sources */,
				27C87BD01EE2C884004FFAB6 /* InterfaceController.swift in Sources */,
			);
			runOnlyForDeploymentPostprocessing = 0;
		};
/* End PBXSourcesBuildPhase section */

/* Begin PBXTargetDependency section */
		27C87BBE1EE2C884004FFAB6 /* PBXTargetDependency */ = {
			isa = PBXTargetDependency;
			target = 27C87BBA1EE2C884004FFAB6 /* Watch6 WatchKit App */;
			targetProxy = 27C87BBD1EE2C884004FFAB6 /* PBXContainerItemProxy */;
		};
		27C87BCD1EE2C884004FFAB6 /* PBXTargetDependency */ = {
			isa = PBXTargetDependency;
			target = 27C87BC91EE2C884004FFAB6 /* Watch6 WatchKit Extension */;
			targetProxy = 27C87BCC1EE2C884004FFAB6 /* PBXContainerItemProxy */;
		};
/* End PBXTargetDependency section */

/* Begin PBXVariantGroup section */
		27C87BB01EE2C884004FFAB6 /* Main.storyboard */ = {
			isa = PBXVariantGroup;
			children = (
				27C87BB11EE2C884004FFAB6 /* Base */,
			);
			name = Main.storyboard;
			sourceTree = "<group>";
		};
		27C87BB51EE2C884004FFAB6 /* LaunchScreen.storyboard */ = {
			isa = PBXVariantGroup;
			children = (
				27C87BB61EE2C884004FFAB6 /* Base */,
			);
			name = LaunchScreen.storyboard;
			sourceTree = "<group>";
		};
		27C87BC01EE2C884004FFAB6 /* Interface.storyboard */ = {
			isa = PBXVariantGroup;
			children = (
				27C87BC11EE2C884004FFAB6 /* Base */,
			);
			name = Interface.storyboard;
			sourceTree = "<group>";
		};
/* End PBXVariantGroup section */

/* Begin XCBuildConfiguration section */
		27C87BD61EE2C884004FFAB6 /* Debug */ = {
			isa = XCBuildConfiguration;
			buildSettings = {
				ALWAYS_SEARCH_USER_PATHS = NO;
				CLANG_ANALYZER_NONNULL = YES;
				CLANG_ANALYZER_NUMBER_OBJECT_CONVERSION = YES_AGGRESSIVE;
				CLANG_CXX_LANGUAGE_STANDARD = "gnu++0x";
				CLANG_CXX_LIBRARY = "libc++";
				CLANG_ENABLE_MODULES = YES;
				CLANG_ENABLE_OBJC_ARC = YES;
				CLANG_WARN_BOOL_CONVERSION = YES;
				CLANG_WARN_CONSTANT_CONVERSION = YES;
				CLANG_WARN_DIRECT_OBJC_ISA_USAGE = YES_ERROR;
				CLANG_WARN_DOCUMENTATION_COMMENTS = YES;
				CLANG_WARN_EMPTY_BODY = YES;
				CLANG_WARN_ENUM_CONVERSION = YES;
				CLANG_WARN_INFINITE_RECURSION = YES;
				CLANG_WARN_INT_CONVERSION = YES;
				CLANG_WARN_OBJC_ROOT_CLASS = YES_ERROR;
				CLANG_WARN_SUSPICIOUS_MOVE = YES;
				CLANG_WARN_UNREACHABLE_CODE = YES;
				CLANG_WARN__DUPLICATE_METHOD_MATCH = YES;
				"CODE_SIGN_IDENTITY[sdk=iphoneos*]" = "iPhone Developer";
				COPY_PHASE_STRIP = NO;
				DEBUG_INFORMATION_FORMAT = dwarf;
				ENABLE_STRICT_OBJC_MSGSEND = YES;
				ENABLE_TESTABILITY = YES;
				GCC_C_LANGUAGE_STANDARD = gnu99;
				GCC_DYNAMIC_NO_PIC = NO;
				GCC_NO_COMMON_BLOCKS = YES;
				GCC_OPTIMIZATION_LEVEL = 0;
				GCC_PREPROCESSOR_DEFINITIONS = (
					"DEBUG=1",
					"$(inherited)",
				);
				GCC_WARN_64_TO_32_BIT_CONVERSION = YES;
				GCC_WARN_ABOUT_RETURN_TYPE = YES_ERROR;
				GCC_WARN_UNDECLARED_SELECTOR = YES;
				GCC_WARN_UNINITIALIZED_AUTOS = YES_AGGRESSIVE;
				GCC_WARN_UNUSED_FUNCTION = YES;
				GCC_WARN_UNUSED_VARIABLE = YES;
				IPHONEOS_DEPLOYMENT_TARGET = 10.3;
				MTL_ENABLE_DEBUG_INFO = YES;
				ONLY_ACTIVE_ARCH = YES;
				SDKROOT = iphoneos;
				SWIFT_ACTIVE_COMPILATION_CONDITIONS = DEBUG;
				SWIFT_OPTIMIZATION_LEVEL = "-Onone";
				TARGETED_DEVICE_FAMILY = "1,2";
			};
			name = Debug;
		};
		27C87BD71EE2C884004FFAB6 /* Release */ = {
			isa = XCBuildConfiguration;
			buildSettings = {
				ALWAYS_SEARCH_USER_PATHS = NO;
				CLANG_ANALYZER_NONNULL = YES;
				CLANG_ANALYZER_NUMBER_OBJECT_CONVERSION = YES_AGGRESSIVE;
				CLANG_CXX_LANGUAGE_STANDARD = "gnu++0x";
				CLANG_CXX_LIBRARY = "libc++";
				CLANG_ENABLE_MODULES = YES;
				CLANG_ENABLE_OBJC_ARC = YES;
				CLANG_WARN_BOOL_CONVERSION = YES;
				CLANG_WARN_CONSTANT_CONVERSION = YES;
				CLANG_WARN_DIRECT_OBJC_ISA_USAGE = YES_ERROR;
				CLANG_WARN_DOCUMENTATION_COMMENTS = YES;
				CLANG_WARN_EMPTY_BODY = YES;
				CLANG_WARN_ENUM_CONVERSION = YES;
				CLANG_WARN_INFINITE_RECURSION = YES;
				CLANG_WARN_INT_CONVERSION = YES;
				CLANG_WARN_OBJC_ROOT_CLASS = YES_ERROR;
				CLANG_WARN_SUSPICIOUS_MOVE = YES;
				CLANG_WARN_UNREACHABLE_CODE = YES;
				CLANG_WARN__DUPLICATE_METHOD_MATCH = YES;
				"CODE_SIGN_IDENTITY[sdk=iphoneos*]" = "iPhone Developer";
				COPY_PHASE_STRIP = NO;
				DEBUG_INFORMATION_FORMAT = "dwarf-with-dsym";
				ENABLE_NS_ASSERTIONS = NO;
				ENABLE_STRICT_OBJC_MSGSEND = YES;
				GCC_C_LANGUAGE_STANDARD = gnu99;
				GCC_NO_COMMON_BLOCKS = YES;
				GCC_WARN_64_TO_32_BIT_CONVERSION = YES;
				GCC_WARN_ABOUT_RETURN_TYPE = YES_ERROR;
				GCC_WARN_UNDECLARED_SELECTOR = YES;
				GCC_WARN_UNINITIALIZED_AUTOS = YES_AGGRESSIVE;
				GCC_WARN_UNUSED_FUNCTION = YES;
				GCC_WARN_UNUSED_VARIABLE = YES;
				IPHONEOS_DEPLOYMENT_TARGET = 10.3;
				MTL_ENABLE_DEBUG_INFO = NO;
				SDKROOT = iphoneos;
				SWIFT_OPTIMIZATION_LEVEL = "-Owholemodule";
				TARGETED_DEVICE_FAMILY = "1,2";
				VALIDATE_PRODUCT = YES;
			};
			name = Release;
		};
		27C87BD91EE2C884004FFAB6 /* Debug */ = {
			isa = XCBuildConfiguration;
			buildSettings = {
				ASSETCATALOG_COMPILER_COMPLICATION_NAME = Complication;
				DEVELOPMENT_TEAM = 4WU9L65MXB;
				INFOPLIST_FILE = "Watch6 WatchKit Extension/Info.plist";
				LD_RUNPATH_SEARCH_PATHS = "$(inherited) @executable_path/Frameworks @executable_path/../../Frameworks";
				PRODUCT_BUNDLE_IDENTIFIER = "com.Chappy-App.Watch6.watchkitapp.watchkitextension";
				PRODUCT_NAME = "${TARGET_NAME}";
				SDKROOT = watchos;
				SKIP_INSTALL = YES;
				SWIFT_VERSION = 3.0;
				TARGETED_DEVICE_FAMILY = 4;
				WATCHOS_DEPLOYMENT_TARGET = 3.2;
			};
			name = Debug;
		};
		27C87BDA1EE2C884004FFAB6 /* Release */ = {
			isa = XCBuildConfiguration;
			buildSettings = {
				ASSETCATALOG_COMPILER_COMPLICATION_NAME = Complication;
				DEVELOPMENT_TEAM = 4WU9L65MXB;
				INFOPLIST_FILE = "Watch6 WatchKit Extension/Info.plist";
				LD_RUNPATH_SEARCH_PATHS = "$(inherited) @executable_path/Frameworks @executable_path/../../Frameworks";
				PRODUCT_BUNDLE_IDENTIFIER = "com.Chappy-App.Watch6.watchkitapp.watchkitextension";
				PRODUCT_NAME = "${TARGET_NAME}";
				SDKROOT = watchos;
				SKIP_INSTALL = YES;
				SWIFT_VERSION = 3.0;
				TARGETED_DEVICE_FAMILY = 4;
				WATCHOS_DEPLOYMENT_TARGET = 3.2;
			};
			name = Release;
		};
		27C87BDD1EE2C884004FFAB6 /* Debug */ = {
			isa = XCBuildConfiguration;
			buildSettings = {
				ALWAYS_EMBED_SWIFT_STANDARD_LIBRARIES = YES;
				ASSETCATALOG_COMPILER_APPICON_NAME = AppIcon;
				DEVELOPMENT_TEAM = 4WU9L65MXB;
				IBSC_MODULE = Watch6_WatchKit_Extension;
				INFOPLIST_FILE = "Watch6 WatchKit App/Info.plist";
				PRODUCT_BUNDLE_IDENTIFIER = "com.Chappy-App.Watch6.watchkitapp";
				PRODUCT_NAME = "$(TARGET_NAME)";
				SDKROOT = watchos;
				SKIP_INSTALL = YES;
				SWIFT_VERSION = 3.0;
				TARGETED_DEVICE_FAMILY = 4;
				WATCHOS_DEPLOYMENT_TARGET = 3.2;
			};
			name = Debug;
		};
		27C87BDE1EE2C884004FFAB6 /* Release */ = {
			isa = XCBuildConfiguration;
			buildSettings = {
				ALWAYS_EMBED_SWIFT_STANDARD_LIBRARIES = YES;
				ASSETCATALOG_COMPILER_APPICON_NAME = AppIcon;
				DEVELOPMENT_TEAM = 4WU9L65MXB;
				IBSC_MODULE = Watch6_WatchKit_Extension;
				INFOPLIST_FILE = "Watch6 WatchKit App/Info.plist";
				PRODUCT_BUNDLE_IDENTIFIER = "com.Chappy-App.Watch6.watchkitapp";
				PRODUCT_NAME = "$(TARGET_NAME)";
				SDKROOT = watchos;
				SKIP_INSTALL = YES;
				SWIFT_VERSION = 3.0;
				TARGETED_DEVICE_FAMILY = 4;
				WATCHOS_DEPLOYMENT_TARGET = 3.2;
			};
			name = Release;
		};
		27C87BE11EE2C884004FFAB6 /* Debug */ = {
			isa = XCBuildConfiguration;
			buildSettings = {
				ASSETCATALOG_COMPILER_APPICON_NAME = AppIcon;
				DEVELOPMENT_TEAM = 4WU9L65MXB;
				INFOPLIST_FILE = Watch6/Info.plist;
				LD_RUNPATH_SEARCH_PATHS = "$(inherited) @executable_path/Frameworks";
				PRODUCT_BUNDLE_IDENTIFIER = "com.Chappy-App.Watch6";
				PRODUCT_NAME = "$(TARGET_NAME)";
				SWIFT_VERSION = 3.0;
			};
			name = Debug;
		};
		27C87BE21EE2C884004FFAB6 /* Release */ = {
			isa = XCBuildConfiguration;
			buildSettings = {
				ASSETCATALOG_COMPILER_APPICON_NAME = AppIcon;
				DEVELOPMENT_TEAM = 4WU9L65MXB;
				INFOPLIST_FILE = Watch6/Info.plist;
				LD_RUNPATH_SEARCH_PATHS = "$(inherited) @executable_path/Frameworks";
				PRODUCT_BUNDLE_IDENTIFIER = "com.Chappy-App.Watch6";
				PRODUCT_NAME = "$(TARGET_NAME)";
				SWIFT_VERSION = 3.0;
			};
			name = Release;
		};
/* End XCBuildConfiguration section */

/* Begin XCConfigurationList section */
		27C87BA41EE2C884004FFAB6 /* Build configuration list for PBXProject "Watch6" */ = {
			isa = XCConfigurationList;
			buildConfigurations = (
				27C87BD61EE2C884004FFAB6 /* Debug */,
				27C87BD71EE2C884004FFAB6 /* Release */,
			);
			defaultConfigurationIsVisible = 0;
			defaultConfigurationName = Release;
		};
		27C87BD81EE2C884004FFAB6 /* Build configuration list for PBXNativeTarget "Watch6 WatchKit Extension" */ = {
			isa = XCConfigurationList;
			buildConfigurations = (
				27C87BD91EE2C884004FFAB6 /* Debug */,
				27C87BDA1EE2C884004FFAB6 /* Release */,
			);
			defaultConfigurationIsVisible = 0;
		};
		27C87BDC1EE2C884004FFAB6 /* Build configuration list for PBXNativeTarget "Watch6 WatchKit App" */ = {
			isa = XCConfigurationList;
			buildConfigurations = (
				27C87BDD1EE2C884004FFAB6 /* Debug */,
				27C87BDE1EE2C884004FFAB6 /* Release */,
			);
			defaultConfigurationIsVisible = 0;
		};
		27C87BE01EE2C884004FFAB6 /* Build configuration list for PBXNativeTarget "Watch6" */ = {
			isa = XCConfigurationList;
			buildConfigurations = (
				27C87BE11EE2C884004FFAB6 /* Debug */,
				27C87BE21EE2C884004FFAB6 /* Release */,
			);
			defaultConfigurationIsVisible = 0;
		};
/* End XCConfigurationList section */
	};
	rootObject = 27C87BA11EE2C884004FFAB6 /* Project object */;
}
